
Microsoft Visual Studio Solution File, Format Version 12.00
# Visual Studio Version 17
VisualStudioVersion = 17.3.32929.385
MinimumVisualStudioVersion = 10.0.40219.1
Project("{FAE04EC0-301F-11D3-BF4B-00C04F79EFBC}") = "Customers.API", "Customers.API\Customers.API.csproj", "{F886D544-AFF1-4CF4-8BC5-8D3605AC9749}"
EndProject
Project("{FAE04EC0-301F-11D3-BF4B-00C04F79EFBC}") = "Customers.UnitTests", "Customers.UnitTests\Customers.UnitTests.csproj", "{4CDD538E-FEFB-4CB3-87DD-0F8BBEF545CA}"
EndProject
Global
	GlobalSection(SolutionConfigurationPlatforms) = preSolution
		Debug|Any CPU = Debug|Any CPU
		Release|Any CPU = Release|Any CPU
	EndGlobalSection
	GlobalSection(ProjectConfigurationPlatforms) = postSolution
		{F886D544-AFF1-4CF4-8BC5-8D3605AC9749}.Debug|Any CPU.ActiveCfg = Debug|Any CPU
		{F886D544-AFF1-4CF4-8BC5-8D3605AC9749}.Debug|Any CPU.Build.0 = Debug|Any CPU
		{F886D544-AFF1-4CF4-8BC5-8D3605AC9749}.Release|Any CPU.ActiveCfg = Release|Any CPU
		{F886D544-AFF1-4CF4-8BC5-8D3605AC9749}.Release|Any CPU.Build.0 = Release|Any CPU
		{4CDD538E-FEFB-4CB3-87DD-0F8BBEF545CA}.Debug|Any CPU.ActiveCfg = Debug|Any CPU
		{4CDD538E-FEFB-4CB3-87DD-0F8BBEF545CA}.Debug|Any CPU.Build.0 = Debug|Any CPU
		{4CDD538E-FEFB-4CB3-87DD-0F8BBEF545CA}.Release|Any CPU.ActiveCfg = Release|Any CPU
		{4CDD538E-FEFB-4CB3-87DD-0F8BBEF545CA}.Release|Any CPU.Build.0 = Release|Any CPU
	EndGlobalSection
	GlobalSection(SolutionProperties) = preSolution
		HideSolutionNode = FALSE
	EndGlobalSection
	GlobalSection(ExtensibilityGlobals) = postSolution
		SolutionGuid = {FB0DC688-26DF-4514-A162-93C09DB4E950}
	EndGlobalSection
EndGlobal
